PODS:
  - AuthorizeNetAccept (0.5.0)

DEPENDENCIES:
  - AuthorizeNetAccept

SPEC REPOS:
  https://github.com/CocoaPods/Specs.git:
    - AuthorizeNetAccept

SPEC CHECKSUMS:
  AuthorizeNetAccept: 410bbacc7ffb37a3e17d5d4e7e65251b318f426d

PODFILE CHECKSUM: a345984121ecf69a4e3b2c3ffcbc6c52ce47c2bc

COCOAPODS: 1.9.1
